- convBNR: ['data', 'conv0', 32, 3, 4]
- mb: ['conv0', 'mb0', 32, 3, 2, 64]
- mb: ['mb0/concat', 'mb1', 64, 3, 1, 64]
- mb: ['mb1/concat', 'mb2', 64, 3, 1, 64]
- mb: ['mb2/concat', 'mb3', 64, 3, 1, 64]
- mb: ['mb3/concat', 'mb4', 64, 3, 2, 128]
- mb: ['mb4/concat', 'mb5', 128, 3,1 , 128]
- mb: ['mb5/concat', 'mb6', 128, 3, 1, 128]
- mb: ['mb6/concat', 'mb7', 128, 3, 1, 128]
- mb: ['mb7/concat', 'mb8', 128, 3, 1, 128]
- mb: ['mb8/concat', 'mb9', 128, 3, 1, 128]
