- convBNR: ['data', 'conv0', 32, 3, 4]
- mb: ['conv0', 'mb0', 32, 3, 2, 64]
- mb: ['mb0/concat', 'mb1', 64, 3, 1, 64]
- mb: ['mb1/concat', 'mb2', 64, 3, 1, 64]
- mb: ['mb2/concat', 'mb3', 64, 3, 2, 128]
- mb: ['mb3/concat', 'mb4', 128, 3, 1, 128]
- mb: ['mb4/concat', 'mb5', 128, 3, 1 , 128]
- mb: ['mb5/concat', 'mb6', 128, 3, 2, 256]
- mb: ['mb6/concat', 'mb7', 256, 3, 1, 256]
- mb: ['mb7/concat', 'mb8', 256, 3, 1, 256]
- mb: ['mb8/concat', 'mb9', 256, 3, 1, 256]
- mb: ['mb9/concat', 'mb10', 256, 3, 1, 256]
- mb: ['mb10/concat', 'mb11', 256, 3, 2, 512]
- mb: ['mb11/concat', 'mb12', 512, 3, 1, 512]
- mb: ['mb12/concat', 'mb13', 512, 3, 1, 512]
- mb: ['mb13/concat', 'mb14', 512, 3, 1, 512]
- mb: ['mb14/concat', 'mb15', 512, 3, 1, 512]
- mb: ['mb15/concat', 'mb16', 512, 3, 2, 1024]
- mb: ['mb16/concat', 'mb17', 1024, 3, 1, 1024]
- mb: ['mb17/concat', 'mb18', 1024, 3, 1, 1024]
- mb: ['mb18/concat', 'mb19', 1024, 3, 1, 1024]
- mb: ['mb19/concat', 'mb20', 1024, 3, 1, 1024]
